// !$*UTF8*$!
{
	archiveVersion = 1;
	classes = {
	};
	objectVersion = 50;
	objects = {

/* Begin PBXBuildFile section */
		9094A11324F8CAA6004CF081 /* CategoryCell.swift in Sources */ = {isa = PBXBuildFile; fileRef = 9094A11124F8CAA6004CF081 /* CategoryCell.swift */; };
		9094A11424F8CAA6004CF081 /* CategoryCell.xib in Resources */ = {isa = PBXBuildFile; fileRef = 9094A11224F8CAA6004CF081 /* CategoryCell.xib */; };
		90CDF90124F7564800FB9362 /* String+.swift in Sources */ = {isa = PBXBuildFile; fileRef = 90CDF90024F7564800FB9362 /* String+.swift */; };
		C70E827721D31EA700A1CD80 /* AppDelegate.swift in Sources */ = {isa = PBXBuildFile; fileRef = C70E827621D31EA700A1CD80 /* AppDelegate.swift */; };
		C70E827E21D31EA900A1CD80 /* Assets.xcassets in Resources */ = {isa = PBXBuildFile; fileRef = C70E827D21D31EA900A1CD80 /* Assets.xcassets */; };
		C70E828121D31EA900A1CD80 /* LaunchScreen.storyboard in Resources */ = {isa = PBXBuildFile; fileRef = C70E827F21D31EA900A1CD80 /* LaunchScreen.storyboard */; };
		C737707423B85D30005B46A4 /* CategoryView.swift in Sources */ = {isa = PBXBuildFile; fileRef = C737706423B85D2F005B46A4 /* CategoryView.swift */; };
		C737707623B85D30005B46A4 /* Emurate.swift in Sources */ = {isa = PBXBuildFile; fileRef = C737706723B85D2F005B46A4 /* Emurate.swift */; };
		C737707723B85D30005B46A4 /* PageModel.swift in Sources */ = {isa = PBXBuildFile; fileRef = C737706823B85D2F005B46A4 /* PageModel.swift */; };
		C737707823B85D30005B46A4 /* Filtering.swift in Sources */ = {isa = PBXBuildFile; fileRef = C737706923B85D2F005B46A4 /* Filtering.swift */; };
		C737707923B85D30005B46A4 /* TabPageObserver.swift in Sources */ = {isa = PBXBuildFile; fileRef = C737706A23B85D2F005B46A4 /* TabPageObserver.swift */; };
		C737707A23B85D30005B46A4 /* TabPageViewController.swift in Sources */ = {isa = PBXBuildFile; fileRef = C737706B23B85D30005B46A4 /* TabPageViewController.swift */; };
		C737708023B85D30005B46A4 /* PageViewController.swift in Sources */ = {isa = PBXBuildFile; fileRef = C737707223B85D30005B46A4 /* PageViewController.swift */; };
		C737708323B86232005B46A4 /* TabPageScrollViewController.h in Headers */ = {isa = PBXBuildFile; fileRef = C737707023B85D30005B46A4 /* TabPageScrollViewController.h */; settings = {ATTRIBUTES = (Public, ); }; };
		C73E390A21F1B0420059701A /* TabPageScrollViewController.framework in Embed Frameworks */ = {isa = PBXBuildFile; fileRef = C73E38E721F1AF390059701A /* TabPageScrollViewController.framework */; settings = {ATTRIBUTES = (CodeSignOnCopy, RemoveHeadersOnCopy, ); }; };
		C73F048221EB5AB200389E3D /* Main.storyboard in Resources */ = {isa = PBXBuildFile; fileRef = C73F048121EB5AB200389E3D /* Main.storyboard */; };
		C73F048421EB5AFA00389E3D /* ViewController.swift in Sources */ = {isa = PBXBuildFile; fileRef = C73F048321EB5AFA00389E3D /* ViewController.swift */; };
		C778555E21F0CC52001D542B /* RootViewController.swift in Sources */ = {isa = PBXBuildFile; fileRef = C778555D21F0CC52001D542B /* RootViewController.swift */; };
		C7EB0B35229D3B9400067AD7 /* TabPageScrollDemoAppsTests.swift in Sources */ = {isa = PBXBuildFile; fileRef = C7EB0B34229D3B9400067AD7 /* TabPageScrollDemoAppsTests.swift */; };
/* End PBXBuildFile section */

/* Begin PBXContainerItemProxy section */
		C73E390B21F1B0420059701A /* PBXContainerItemProxy */ = {
			isa = PBXContainerItemProxy;
			containerPortal = C70E826B21D31EA700A1CD80 /* Project object */;
			proxyType = 1;
			remoteGlobalIDString = C73E38E621F1AF390059701A;
			remoteInfo = TabPageScrollViewController;
		};
		C7EB0B37229D3B9400067AD7 /* PBXContainerItemProxy */ = {
			isa = PBXContainerItemProxy;
			containerPortal = C70E826B21D31EA700A1CD80 /* Project object */;
			proxyType = 1;
			remoteGlobalIDString = C70E827221D31EA700A1CD80;
			remoteInfo = TabPageScrollDemoApps;
		};
/* End PBXContainerItemProxy section */

/* Begin PBXCopyFilesBuildPhase section */
		C73E390D21F1B0420059701A /* Embed Frameworks */ = {
			isa = PBXCopyFilesBuildPhase;
			buildActionMask = 2147483647;
			dstPath = "";
			dstSubfolderSpec = 10;
			files = (
				C73E390A21F1B0420059701A /* TabPageScrollViewController.framework in Embed Frameworks */,
			);
			name = "Embed Frameworks";
			runOnlyForDeploymentPostprocessing = 0;
		};
/* End PBXCopyFilesBuildPhase section */

/* Begin PBXFileReference section */
		9094A11124F8CAA6004CF081 /* CategoryCell.swift */ = {isa = PBXFileReference; fileEncoding = 4; lastKnownFileType = sourcecode.swift; path = CategoryCell.swift; sourceTree = "<group>"; };
		9094A11224F8CAA6004CF081 /* CategoryCell.xib */ = {isa = PBXFileReference; fileEncoding = 4; lastKnownFileType = file.xib; path = CategoryCell.xib; sourceTree = "<group>"; };
		90CDF90024F7564800FB9362 /* String+.swift */ = {isa = PBXFileReference; lastKnownFileType = sourcecode.swift; path = "String+.swift"; sourceTree = "<group>"; };
		C70E827321D31EA700A1CD80 /* TabPageScrollDemoApps.app */ = {isa = PBXFileReference; explicitFileType = wrapper.application; includeInIndex = 0; path = TabPageScrollDemoApps.app; sourceTree = BUILT_PRODUCTS_DIR; };
		C70E827621D31EA700A1CD80 /* AppDelegate.swift */ = {isa = PBXFileReference; lastKnownFileType = sourcecode.swift; path = AppDelegate.swift; sourceTree = "<group>"; };
		C70E827D21D31EA900A1CD80 /* Assets.xcassets */ = {isa = PBXFileReference; lastKnownFileType = folder.assetcatalog; path = Assets.xcassets; sourceTree = "<group>"; };
		C70E828021D31EA900A1CD80 /* Base */ = {isa = PBXFileReference; lastKnownFileType = file.storyboard; name = Base; path = Base.lproj/LaunchScreen.storyboard; sourceTree = "<group>"; };
		C70E828221D31EA900A1CD80 /* Info.plist */ = {isa = PBXFileReference; lastKnownFileType = text.plist.xml; path = Info.plist; sourceTree = "<group>"; };
		C737706423B85D2F005B46A4 /* CategoryView.swift */ = {isa = PBXFileReference; fileEncoding = 4; lastKnownFileType = sourcecode.swift; path = CategoryView.swift; sourceTree = "<group>"; };
		C737706723B85D2F005B46A4 /* Emurate.swift */ = {isa = PBXFileReference; fileEncoding = 4; lastKnownFileType = sourcecode.swift; path = Emurate.swift; sourceTree = "<group>"; };
		C737706823B85D2F005B46A4 /* PageModel.swift */ = {isa = PBXFileReference; fileEncoding = 4; lastKnownFileType = sourcecode.swift; path = PageModel.swift; sourceTree = "<group>"; };
		C737706923B85D2F005B46A4 /* Filtering.swift */ = {isa = PBXFileReference; fileEncoding = 4; lastKnownFileType = sourcecode.swift; path = Filtering.swift; sourceTree = "<group>"; };
		C737706A23B85D2F005B46A4 /* TabPageObserver.swift */ = {isa = PBXFileReference; fileEncoding = 4; lastKnownFileType = sourcecode.swift; path = TabPageObserver.swift; sourceTree = "<group>"; };
		C737706B23B85D30005B46A4 /* TabPageViewController.swift */ = {isa = PBXFileReference; fileEncoding = 4; lastKnownFileType = sourcecode.swift; path = TabPageViewController.swift; sourceTree = "<group>"; };
		C737707023B85D30005B46A4 /* TabPageScrollViewController.h */ = {isa = PBXFileReference; fileEncoding = 4; lastKnownFileType = sourcecode.c.h; path = TabPageScrollViewController.h; sourceTree = "<group>"; };
		C737707223B85D30005B46A4 /* PageViewController.swift */ = {isa = PBXFileReference; fileEncoding = 4; lastKnownFileType = sourcecode.swift; path = PageViewController.swift; sourceTree = "<group>"; };
		C737707323B85D30005B46A4 /* Info.plist */ = {isa = PBXFileReference; fileEncoding = 4; lastKnownFileType = text.plist.xml; path = Info.plist; sourceTree = "<group>"; };
		C73E38E721F1AF390059701A /* TabPageScrollViewController.framework */ = {isa = PBXFileReference; explicitFileType = wrapper.framework; includeInIndex = 0; path = TabPageScrollViewController.framework; sourceTree = BUILT_PRODUCTS_DIR; };
		C73F048121EB5AB200389E3D /* Main.storyboard */ = {isa = PBXFileReference; lastKnownFileType = file.storyboard; path = Main.storyboard; sourceTree = "<group>"; };
		C73F048321EB5AFA00389E3D /* ViewController.swift */ = {isa = PBXFileReference; lastKnownFileType = sourcecode.swift; path = ViewController.swift; sourceTree = "<group>"; };
		C778555D21F0CC52001D542B /* RootViewController.swift */ = {isa = PBXFileReference; lastKnownFileType = sourcecode.swift; path = RootViewController.swift; sourceTree = "<group>"; };
		C7EB0B32229D3B9400067AD7 /* TabPageScrollDemoAppsTests.xctest */ = {isa = PBXFileReference; explicitFileType = wrapper.cfbundle; includeInIndex = 0; path = TabPageScrollDemoAppsTests.xctest; sourceTree = BUILT_PRODUCTS_DIR; };
		C7EB0B34229D3B9400067AD7 /* TabPageScrollDemoAppsTests.swift */ = {isa = PBXFileReference; lastKnownFileType = sourcecode.swift; path = TabPageScrollDemoAppsTests.swift; sourceTree = "<group>"; };
		C7EB0B36229D3B9400067AD7 /* Info.plist */ = {isa = PBXFileReference; lastKnownFileType = text.plist.xml; path = Info.plist; sourceTree = "<group>"; };
/* End PBXFileReference section */

/* Begin PBXFrameworksBuildPhase section */
		C70E827021D31EA700A1CD80 /* Frameworks */ = {
			isa = PBXFrameworksBuildPhase;
			buildActionMask = 2147483647;
			files = (
			);
			runOnlyForDeploymentPostprocessing = 0;
		};
		C73E38E421F1AF390059701A /* Frameworks */ = {
			isa = PBXFrameworksBuildPhase;
			buildActionMask = 2147483647;
			files = (
			);
			runOnlyForDeploymentPostprocessing = 0;
		};
		C7EB0B2F229D3B9400067AD7 /* Frameworks */ = {
			isa = PBXFrameworksBuildPhase;
			buildActionMask = 2147483647;
			files = (
			);
			runOnlyForDeploymentPostprocessing = 0;
		};
/* End PBXFrameworksBuildPhase section */

/* Begin PBXGroup section */
		9094A11024F8CAA6004CF081 /* Cell */ = {
			isa = PBXGroup;
			children = (
				9094A11124F8CAA6004CF081 /* CategoryCell.swift */,
				9094A11224F8CAA6004CF081 /* CategoryCell.xib */,
			);
			path = Cell;
			sourceTree = "<group>";
		};
		A6F71E1A04B641C273243B8F /* Frameworks */ = {
			isa = PBXGroup;
			children = (
			);
			name = Frameworks;
			sourceTree = "<group>";
		};
		C70E826A21D31EA700A1CD80 = {
			isa = PBXGroup;
			children = (
				C70E827521D31EA700A1CD80 /* TabPageScrollDemoApps */,
				C73E38E821F1AF390059701A /* TabPageScrollViewController */,
				C7EB0B33229D3B9400067AD7 /* TabPageScrollDemoAppsTests */,
				C70E827421D31EA700A1CD80 /* Products */,
				A6F71E1A04B641C273243B8F /* Frameworks */,
			);
			sourceTree = "<group>";
		};
		C70E827421D31EA700A1CD80 /* Products */ = {
			isa = PBXGroup;
			children = (
				C70E827321D31EA700A1CD80 /* TabPageScrollDemoApps.app */,
				C73E38E721F1AF390059701A /* TabPageScrollViewController.framework */,
				C7EB0B32229D3B9400067AD7 /* TabPageScrollDemoAppsTests.xctest */,
			);
			name = Products;
			sourceTree = "<group>";
		};
		C70E827521D31EA700A1CD80 /* TabPageScrollDemoApps */ = {
			isa = PBXGroup;
			children = (
				C70E827621D31EA700A1CD80 /* AppDelegate.swift */,
				C73F048121EB5AB200389E3D /* Main.storyboard */,
				C73F048321EB5AFA00389E3D /* ViewController.swift */,
				C778555D21F0CC52001D542B /* RootViewController.swift */,
				C70E827D21D31EA900A1CD80 /* Assets.xcassets */,
				C70E827F21D31EA900A1CD80 /* LaunchScreen.storyboard */,
				C70E828221D31EA900A1CD80 /* Info.plist */,
				9094A11024F8CAA6004CF081 /* Cell */,
			);
			path = TabPageScrollDemoApps;
			sourceTree = "<group>";
		};
		C737706523B85D2F005B46A4 /* Model */ = {
			isa = PBXGroup;
			children = (
				C737706723B85D2F005B46A4 /* Emurate.swift */,
				C737706823B85D2F005B46A4 /* PageModel.swift */,
				C737706923B85D2F005B46A4 /* Filtering.swift */,
				C737706A23B85D2F005B46A4 /* TabPageObserver.swift */,
				90CDF90024F7564800FB9362 /* String+.swift */,
			);
			path = Model;
			sourceTree = "<group>";
		};
		C73E38E821F1AF390059701A /* TabPageScrollViewController */ = {
			isa = PBXGroup;
			children = (
				C737706423B85D2F005B46A4 /* CategoryView.swift */,
				C737707323B85D30005B46A4 /* Info.plist */,
				C737706523B85D2F005B46A4 /* Model */,
				C737707223B85D30005B46A4 /* PageViewController.swift */,
				C737707023B85D30005B46A4 /* TabPageScrollViewController.h */,
				C737706B23B85D30005B46A4 /* TabPageViewController.swift */,
			);
			path = TabPageScrollViewController;
			sourceTree = "<group>";
		};
		C7EB0B33229D3B9400067AD7 /* TabPageScrollDemoAppsTests */ = {
			isa = PBXGroup;
			children = (
				C7EB0B34229D3B9400067AD7 /* TabPageScrollDemoAppsTests.swift */,
				C7EB0B36229D3B9400067AD7 /* Info.plist */,
			);
			path = TabPageScrollDemoAppsTests;
			sourceTree = "<group>";
		};
/* End PBXGroup section */

/* Begin PBXHeadersBuildPhase section */
		C73E38E221F1AF390059701A /* Headers */ = {
			isa = PBXHeadersBuildPhase;
			buildActionMask = 2147483647;
			files = (
				C737708323B86232005B46A4 /* TabPageScrollViewController.h in Headers */,
			);
			runOnlyForDeploymentPostprocessing = 0;
		};
/* End PBXHeadersBuildPhase section */

/* Begin PBXNativeTarget section */
		C70E827221D31EA700A1CD80 /* TabPageScrollDemoApps */ = {
			isa = PBXNativeTarget;
			buildConfigurationList = C70E829B21D31EA900A1CD80 /* Build configuration list for PBXNativeTarget "TabPageScrollDemoApps" */;
			buildPhases = (
				C70E826F21D31EA700A1CD80 /* Sources */,
				C70E827021D31EA700A1CD80 /* Frameworks */,
				C70E827121D31EA700A1CD80 /* Resources */,
				C73E390D21F1B0420059701A /* Embed Frameworks */,
			);
			buildRules = (
			);
			dependencies = (
				C73E390C21F1B0420059701A /* PBXTargetDependency */,
			);
			name = TabPageScrollDemoApps;
			productName = FunRecipes;
			productReference = C70E827321D31EA700A1CD80 /* TabPageScrollDemoApps.app */;
			productType = "com.apple.product-type.application";
		};
		C73E38E621F1AF390059701A /* TabPageScrollViewController */ = {
			isa = PBXNativeTarget;
			buildConfigurationList = C73E38F021F1AF390059701A /* Build configuration list for PBXNativeTarget "TabPageScrollViewController" */;
			buildPhases = (
				C73E38E221F1AF390059701A /* Headers */,
				C73E38E321F1AF390059701A /* Sources */,
				C73E38E421F1AF390059701A /* Frameworks */,
				C73E38E521F1AF390059701A /* Resources */,
			);
			buildRules = (
			);
			dependencies = (
			);
			name = TabPageScrollViewController;
			productName = TabPageScrollViewController;
			productReference = C73E38E721F1AF390059701A /* TabPageScrollViewController.framework */;
			productType = "com.apple.product-type.framework";
		};
		C7EB0B31229D3B9400067AD7 /* TabPageScrollDemoAppsTests */ = {
			isa = PBXNativeTarget;
			buildConfigurationList = C7EB0B3B229D3B9400067AD7 /* Build configuration list for PBXNativeTarget "TabPageScrollDemoAppsTests" */;
			buildPhases = (
				C7EB0B2E229D3B9400067AD7 /* Sources */,
				C7EB0B2F229D3B9400067AD7 /* Frameworks */,
				C7EB0B30229D3B9400067AD7 /* Resources */,
			);
			buildRules = (
			);
			dependencies = (
				C7EB0B38229D3B9400067AD7 /* PBXTargetDependency */,
			);
			name = TabPageScrollDemoAppsTests;
			productName = TabPageScrollDemoAppsTests;
			productReference = C7EB0B32229D3B9400067AD7 /* TabPageScrollDemoAppsTests.xctest */;
			productType = "com.apple.product-type.bundle.unit-test";
		};
/* End PBXNativeTarget section */

/* Begin PBXProject section */
		C70E826B21D31EA700A1CD80 /* Project object */ = {
			isa = PBXProject;
			attributes = {
				DefaultBuildSystemTypeForWorkspace = Original;
				LastSwiftUpdateCheck = 1020;
				LastUpgradeCheck = 1120;
				ORGANIZATIONNAME = Shichimitoucarashi;
				TargetAttributes = {
					C70E827221D31EA700A1CD80 = {
						CreatedOnToolsVersion = 10.1;
					};
					C73E38E621F1AF390059701A = {
						CreatedOnToolsVersion = 10.1;
						LastSwiftMigration = 1120;
					};
					C7EB0B31229D3B9400067AD7 = {
						CreatedOnToolsVersion = 10.2.1;
						TestTargetID = C70E827221D31EA700A1CD80;
					};
				};
			};
			buildConfigurationList = C70E826E21D31EA700A1CD80 /* Build configuration list for PBXProject "TabPageScrollDemoApps" */;
			compatibilityVersion = "Xcode 9.3";
			developmentRegion = en;
			hasScannedForEncodings = 0;
			knownRegions = (
				en,
				Base,
			);
			mainGroup = C70E826A21D31EA700A1CD80;
			productRefGroup = C70E827421D31EA700A1CD80 /* Products */;
			projectDirPath = "";
			projectRoot = "";
			targets = (
				C70E827221D31EA700A1CD80 /* TabPageScrollDemoApps */,
				C73E38E621F1AF390059701A /* TabPageScrollViewController */,
				C7EB0B31229D3B9400067AD7 /* TabPageScrollDemoAppsTests */,
			);
		};
/* End PBXProject section */

/* Begin PBXResourcesBuildPhase section */
		C70E827121D31EA700A1CD80 /* Resources */ = {
			isa = PBXResourcesBuildPhase;
			buildActionMask = 2147483647;
			files = (
				C70E828121D31EA900A1CD80 /* LaunchScreen.storyboard in Resources */,
				C70E827E21D31EA900A1CD80 /* Assets.xcassets in Resources */,
				C73F048221EB5AB200389E3D /* Main.storyboard in Resources */,
				9094A11424F8CAA6004CF081 /* CategoryCell.xib in Resources */,
			);
			runOnlyForDeploymentPostprocessing = 0;
		};
		C73E38E521F1AF390059701A /* Resources */ = {
			isa = PBXResourcesBuildPhase;
			buildActionMask = 2147483647;
			files = (
			);
			runOnlyForDeploymentPostprocessing = 0;
		};
		C7EB0B30229D3B9400067AD7 /* Resources */ = {
			isa = PBXResourcesBuildPhase;
			buildActionMask = 2147483647;
			files = (
			);
			runOnlyForDeploymentPostprocessing = 0;
		};
/* End PBXResourcesBuildPhase section */

/* Begin PBXSourcesBuildPhase section */
		C70E826F21D31EA700A1CD80 /* Sources */ = {
			isa = PBXSourcesBuildPhase;
			buildActionMask = 2147483647;
			files = (
				C778555E21F0CC52001D542B /* RootViewController.swift in Sources */,
				C73F048421EB5AFA00389E3D /* ViewController.swift in Sources */,
				C70E827721D31EA700A1CD80 /* AppDelegate.swift in Sources */,
				9094A11324F8CAA6004CF081 /* CategoryCell.swift in Sources */,
			);
			runOnlyForDeploymentPostprocessing = 0;
		};
		C73E38E321F1AF390059701A /* Sources */ = {
			isa = PBXSourcesBuildPhase;
			buildActionMask = 2147483647;
			files = (
				C737707723B85D30005B46A4 /* PageModel.swift in Sources */,
				90CDF90124F7564800FB9362 /* String+.swift in Sources */,
				C737708023B85D30005B46A4 /* PageViewController.swift in Sources */,
				C737707423B85D30005B46A4 /* CategoryView.swift in Sources */,
				C737707923B85D30005B46A4 /* TabPageObserver.swift in Sources */,
				C737707623B85D30005B46A4 /* Emurate.swift in Sources */,
				C737707A23B85D30005B46A4 /* TabPageViewController.swift in Sources */,
				C737707823B85D30005B46A4 /* Filtering.swift in Sources */,
			);
			runOnlyForDeploymentPostprocessing = 0;
		};
		C7EB0B2E229D3B9400067AD7 /* Sources */ = {
			isa = PBXSourcesBuildPhase;
			buildActionMask = 2147483647;
			files = (
				C7EB0B35229D3B9400067AD7 /* TabPageScrollDemoAppsTests.swift in Sources */,
			);
			runOnlyForDeploymentPostprocessing = 0;
		};
/* End PBXSourcesBuildPhase section */

/* Begin PBXTargetDependency section */
		C73E390C21F1B0420059701A /* PBXTargetDependency */ = {
			isa = PBXTargetDependency;
			target = C73E38E621F1AF390059701A /* TabPageScrollViewController */;
			targetProxy = C73E390B21F1B0420059701A /* PBXContainerItemProxy */;
		};
		C7EB0B38229D3B9400067AD7 /* PBXTargetDependency */ = {
			isa = PBXTargetDependency;
			target = C70E827221D31EA700A1CD80 /* TabPageScrollDemoApps */;
			targetProxy = C7EB0B37229D3B9400067AD7 /* PBXContainerItemProxy */;
		};
/* End PBXTargetDependency section */

/* Begin PBXVariantGroup section */
		C70E827F21D31EA900A1CD80 /* LaunchScreen.storyboard */ = {
			isa = PBXVariantGroup;
			children = (
				C70E828021D31EA900A1CD80 /* Base */,
			);
			name = LaunchScreen.storyboard;
			sourceTree = "<group>";
		};
/* End PBXVariantGroup section */

/* Begin XCBuildConfiguration section */
		C70E829921D31EA900A1CD80 /* Debug */ = {
			isa = XCBuildConfiguration;
			buildSettings = {
				ALWAYS_SEARCH_USER_PATHS = NO;
				CLANG_ANALYZER_NONNULL = YES;
				CLANG_ANALYZER_NUMBER_OBJECT_CONVERSION = YES_AGGRESSIVE;
				CLANG_CXX_LANGUAGE_STANDARD = "gnu++14";
				CLANG_CXX_LIBRARY = "libc++";
				CLANG_ENABLE_MODULES = YES;
				CLANG_ENABLE_OBJC_ARC = YES;
				CLANG_ENABLE_OBJC_WEAK = YES;
				CLANG_WARN_BLOCK_CAPTURE_AUTORELEASING = YES;
				CLANG_WARN_BOOL_CONVERSION = YES;
				CLANG_WARN_COMMA = YES;
				CLANG_WARN_CONSTANT_CONVERSION = YES;
				CLANG_WARN_DEPRECATED_OBJC_IMPLEMENTATIONS = YES;
				CLANG_WARN_DIRECT_OBJC_ISA_USAGE = YES_ERROR;
				CLANG_WARN_DOCUMENTATION_COMMENTS = YES;
				CLANG_WARN_EMPTY_BODY = YES;
				CLANG_WARN_ENUM_CONVERSION = YES;
				CLANG_WARN_INFINITE_RECURSION = YES;
				CLANG_WARN_INT_CONVERSION = YES;
				CLANG_WARN_NON_LITERAL_NULL_CONVERSION = YES;
				CLANG_WARN_OBJC_IMPLICIT_RETAIN_SELF = YES;
				CLANG_WARN_OBJC_LITERAL_CONVERSION = YES;
				CLANG_WARN_OBJC_ROOT_CLASS = YES_ERROR;
				CLANG_WARN_RANGE_LOOP_ANALYSIS = YES;
				CLANG_WARN_STRICT_PROTOTYPES = YES;
				CLANG_WARN_SUSPICIOUS_MOVE = YES;
				CLANG_WARN_UNGUARDED_AVAILABILITY = YES_AGGRESSIVE;
				CLANG_WARN_UNREACHABLE_CODE = YES;
				CLANG_WARN__DUPLICATE_METHOD_MATCH = YES;
				CODE_SIGN_IDENTITY = "iPhone Developer";
				COPY_PHASE_STRIP = NO;
				DEBUG_INFORMATION_FORMAT = dwarf;
				ENABLE_STRICT_OBJC_MSGSEND = YES;
				ENABLE_TESTABILITY = YES;
				GCC_C_LANGUAGE_STANDARD = gnu11;
				GCC_DYNAMIC_NO_PIC = NO;
				GCC_NO_COMMON_BLOCKS = YES;
				GCC_OPTIMIZATION_LEVEL = 0;
				GCC_PREPROCESSOR_DEFINITIONS = (
					"DEBUG=1",
					"$(inherited)",
				);
				GCC_WARN_64_TO_32_BIT_CONVERSION = YES;
				GCC_WARN_ABOUT_RETURN_TYPE = YES_ERROR;
				GCC_WARN_UNDECLARED_SELECTOR = YES;
				GCC_WARN_UNINITIALIZED_AUTOS = YES_AGGRESSIVE;
				GCC_WARN_UNUSED_FUNCTION = YES;
				GCC_WARN_UNUSED_VARIABLE = YES;
				IPHONEOS_DEPLOYMENT_TARGET = 11.0;
				MTL_ENABLE_DEBUG_INFO = INCLUDE_SOURCE;
				MTL_FAST_MATH = YES;
				ONLY_ACTIVE_ARCH = YES;
				SDKROOT = iphoneos;
				SWIFT_ACTIVE_COMPILATION_CONDITIONS = DEBUG;
				SWIFT_OPTIMIZATION_LEVEL = "-Onone";
			};
			name = Debug;
		};
		C70E829A21D31EA900A1CD80 /* Release */ = {
			isa = XCBuildConfiguration;
			buildSettings = {
				ALWAYS_SEARCH_USER_PATHS = NO;
				CLANG_ANALYZER_NONNULL = YES;
				CLANG_ANALYZER_NUMBER_OBJECT_CONVERSION = YES_AGGRESSIVE;
				CLANG_CXX_LANGUAGE_STANDARD = "gnu++14";
				CLANG_CXX_LIBRARY = "libc++";
				CLANG_ENABLE_MODULES = YES;
				CLANG_ENABLE_OBJC_ARC = YES;
				CLANG_ENABLE_OBJC_WEAK = YES;
				CLANG_WARN_BLOCK_CAPTURE_AUTORELEASING = YES;
				CLANG_WARN_BOOL_CONVERSION = YES;
				CLANG_WARN_COMMA = YES;
				CLANG_WARN_CONSTANT_CONVERSION = YES;
				CLANG_WARN_DEPRECATED_OBJC_IMPLEMENTATIONS = YES;
				CLANG_WARN_DIRECT_OBJC_ISA_USAGE = YES_ERROR;
				CLANG_WARN_DOCUMENTATION_COMMENTS = YES;
				CLANG_WARN_EMPTY_BODY = YES;
				CLANG_WARN_ENUM_CONVERSION = YES;
				CLANG_WARN_INFINITE_RECURSION = YES;
				CLANG_WARN_INT_CONVERSION = YES;
				CLANG_WARN_NON_LITERAL_NULL_CONVERSION = YES;
				CLANG_WARN_OBJC_IMPLICIT_RETAIN_SELF = YES;
				CLANG_WARN_OBJC_LITERAL_CONVERSION = YES;
				CLANG_WARN_OBJC_ROOT_CLASS = YES_ERROR;
				CLANG_WARN_RANGE_LOOP_ANALYSIS = YES;
				CLANG_WARN_STRICT_PROTOTYPES = YES;
				CLANG_WARN_SUSPICIOUS_MOVE = YES;
				CLANG_WARN_UNGUARDED_AVAILABILITY = YES_AGGRESSIVE;
				CLANG_WARN_UNREACHABLE_CODE = YES;
				CLANG_WARN__DUPLICATE_METHOD_MATCH = YES;
				CODE_SIGN_IDENTITY = "iPhone Developer";
				COPY_PHASE_STRIP = NO;
				DEBUG_INFORMATION_FORMAT = "dwarf-with-dsym";
				ENABLE_NS_ASSERTIONS = NO;
				ENABLE_STRICT_OBJC_MSGSEND = YES;
				GCC_C_LANGUAGE_STANDARD = gnu11;
				GCC_NO_COMMON_BLOCKS = YES;
				GCC_WARN_64_TO_32_BIT_CONVERSION = YES;
				GCC_WARN_ABOUT_RETURN_TYPE = YES_ERROR;
				GCC_WARN_UNDECLARED_SELECTOR = YES;
				GCC_WARN_UNINITIALIZED_AUTOS = YES_AGGRESSIVE;
				GCC_WARN_UNUSED_FUNCTION = YES;
				GCC_WARN_UNUSED_VARIABLE = YES;
				IPHONEOS_DEPLOYMENT_TARGET = 11.0;
				MTL_ENABLE_DEBUG_INFO = NO;
				MTL_FAST_MATH = YES;
				SDKROOT = iphoneos;
				SWIFT_COMPILATION_MODE = wholemodule;
				SWIFT_OPTIMIZATION_LEVEL = "-O";
				VALIDATE_PRODUCT = YES;
			};
			name = Release;
		};
		C70E829C21D31EA900A1CD80 /* Debug */ = {
			isa = XCBuildConfiguration;
			buildSettings = {
				ALWAYS_EMBED_SWIFT_STANDARD_LIBRARIES = YES;
				ASSETCATALOG_COMPILER_APPICON_NAME = AppIcon;
				CODE_SIGN_STYLE = Automatic;
				DEVELOPMENT_TEAM = D3DW67HS9F;
				INFOPLIST_FILE = TabPageScrollDemoApps/Info.plist;
				IPHONEOS_DEPLOYMENT_TARGET = 11.0;
				LD_RUNPATH_SEARCH_PATHS = (
					"$(inherited)",
					"@executable_path/Frameworks",
				);
				PRODUCT_BUNDLE_IDENTIFIER = com.shichimitoucarashi.pagescroll;
				PRODUCT_NAME = "$(TARGET_NAME)";
				SWIFT_VERSION = 5.0;
				TARGETED_DEVICE_FAMILY = "1,2";
			};
			name = Debug;
		};
		C70E829D21D31EA900A1CD80 /* Release */ = {
			isa = XCBuildConfiguration;
			buildSettings = {
				ALWAYS_EMBED_SWIFT_STANDARD_LIBRARIES = YES;
				ASSETCATALOG_COMPILER_APPICON_NAME = AppIcon;
				CODE_SIGN_STYLE = Automatic;
				DEVELOPMENT_TEAM = D3DW67HS9F;
				INFOPLIST_FILE = TabPageScrollDemoApps/Info.plist;
				IPHONEOS_DEPLOYMENT_TARGET = 11.0;
				LD_RUNPATH_SEARCH_PATHS = (
					"$(inherited)",
					"@executable_path/Frameworks",
				);
				PRODUCT_BUNDLE_IDENTIFIER = com.shichimitoucarashi.pagescroll;
				PRODUCT_NAME = "$(TARGET_NAME)";
				SWIFT_VERSION = 5.0;
				TARGETED_DEVICE_FAMILY = "1,2";
			};
			name = Release;
		};
		C73E38F121F1AF390059701A /* Debug */ = {
			isa = XCBuildConfiguration;
			buildSettings = {
				CLANG_ENABLE_MODULES = YES;
				CODE_SIGN_IDENTITY = "";
				CODE_SIGN_STYLE = Automatic;
				CURRENT_PROJECT_VERSION = 1;
				DEFINES_MODULE = YES;
				DEVELOPMENT_TEAM = D3DW67HS9F;
				DYLIB_COMPATIBILITY_VERSION = 1;
				DYLIB_CURRENT_VERSION = 1;
				DYLIB_INSTALL_NAME_BASE = "@rpath";
				INFOPLIST_FILE = TabPageScrollViewController/Info.plist;
				INSTALL_PATH = "$(LOCAL_LIBRARY_DIR)/Frameworks";
				IPHONEOS_DEPLOYMENT_TARGET = 11.0;
				LD_RUNPATH_SEARCH_PATHS = (
					"$(inherited)",
					"@executable_path/Frameworks",
					"@loader_path/Frameworks",
				);
				PRODUCT_BUNDLE_IDENTIFIER = com.shichimitoucarashi.TabPageScrollViewController;
				PRODUCT_NAME = "$(TARGET_NAME:c99extidentifier)";
				SKIP_INSTALL = YES;
				SWIFT_OPTIMIZATION_LEVEL = "-Onone";
				SWIFT_VERSION = 5.0;
				TARGETED_DEVICE_FAMILY = "1,2";
				VERSIONING_SYSTEM = "apple-generic";
				VERSION_INFO_PREFIX = "";
			};
			name = Debug;
		};
		C73E38F221F1AF390059701A /* Release */ = {
			isa = XCBuildConfiguration;
			buildSettings = {
				CLANG_ENABLE_MODULES = YES;
				CODE_SIGN_IDENTITY = "";
				CODE_SIGN_STYLE = Automatic;
				CURRENT_PROJECT_VERSION = 1;
				DEFINES_MODULE = YES;
				DEVELOPMENT_TEAM = D3DW67HS9F;
				DYLIB_COMPATIBILITY_VERSION = 1;
				DYLIB_CURRENT_VERSION = 1;
				DYLIB_INSTALL_NAME_BASE = "@rpath";
				INFOPLIST_FILE = TabPageScrollViewController/Info.plist;
				INSTALL_PATH = "$(LOCAL_LIBRARY_DIR)/Frameworks";
				IPHONEOS_DEPLOYMENT_TARGET = 11.0;
				LD_RUNPATH_SEARCH_PATHS = (
					"$(inherited)",
					"@executable_path/Frameworks",
					"@loader_path/Frameworks",
				);
				PRODUCT_BUNDLE_IDENTIFIER = com.shichimitoucarashi.TabPageScrollViewController;
				PRODUCT_NAME = "$(TARGET_NAME:c99extidentifier)";
				SKIP_INSTALL = YES;
				SWIFT_VERSION = 5.0;
				TARGETED_DEVICE_FAMILY = "1,2";
				VERSIONING_SYSTEM = "apple-generic";
				VERSION_INFO_PREFIX = "";
			};
			name = Release;
		};
		C7EB0B39229D3B9400067AD7 /* Debug */ = {
			isa = XCBuildConfiguration;
			buildSettings = {
				BUNDLE_LOADER = "$(TEST_HOST)";
				CODE_SIGN_STYLE = Automatic;
				DEVELOPMENT_TEAM = D3DW67HS9F;
				INFOPLIST_FILE = TabPageScrollDemoAppsTests/Info.plist;
				IPHONEOS_DEPLOYMENT_TARGET = 12.2;
				LD_RUNPATH_SEARCH_PATHS = (
					"$(inherited)",
					"@executable_path/Frameworks",
					"@loader_path/Frameworks",
				);
				PRODUCT_BUNDLE_IDENTIFIER = com.shichimitoucarashi.TabPageScrollDemoAppsTests;
				PRODUCT_NAME = "$(TARGET_NAME)";
				SWIFT_VERSION = 5.0;
				TARGETED_DEVICE_FAMILY = "1,2";
				TEST_HOST = "$(BUILT_PRODUCTS_DIR)/TabPageScrollDemoApps.app/TabPageScrollDemoApps";
			};
			name = Debug;
		};
		C7EB0B3A229D3B9400067AD7 /* Release */ = {
			isa = XCBuildConfiguration;
			buildSettings = {
				BUNDLE_LOADER = "$(TEST_HOST)";
				CODE_SIGN_STYLE = Automatic;
				DEVELOPMENT_TEAM = D3DW67HS9F;
				INFOPLIST_FILE = TabPageScrollDemoAppsTests/Info.plist;
				IPHONEOS_DEPLOYMENT_TARGET = 12.2;
				LD_RUNPATH_SEARCH_PATHS = (
					"$(inherited)",
					"@executable_path/Frameworks",
					"@loader_path/Frameworks",
				);
				PRODUCT_BUNDLE_IDENTIFIER = com.shichimitoucarashi.TabPageScrollDemoAppsTests;
				PRODUCT_NAME = "$(TARGET_NAME)";
				SWIFT_VERSION = 5.0;
				TARGETED_DEVICE_FAMILY = "1,2";
				TEST_HOST = "$(BUILT_PRODUCTS_DIR)/TabPageScrollDemoApps.app/TabPageScrollDemoApps";
			};
			name = Release;
		};
/* End XCBuildConfiguration section */

/* Begin XCConfigurationList section */
		C70E826E21D31EA700A1CD80 /* Build configuration list for PBXProject "TabPageScrollDemoApps" */ = {
			isa = XCConfigurationList;
			buildConfigurations = (
				C70E829921D31EA900A1CD80 /* Debug */,
				C70E829A21D31EA900A1CD80 /* Release */,
			);
			defaultConfigurationIsVisible = 0;
			defaultConfigurationName = Release;
		};
		C70E829B21D31EA900A1CD80 /* Build configuration list for PBXNativeTarget "TabPageScrollDemoApps" */ = {
			isa = XCConfigurationList;
			buildConfigurations = (
				C70E829C21D31EA900A1CD80 /* Debug */,
				C70E829D21D31EA900A1CD80 /* Release */,
			);
			defaultConfigurationIsVisible = 0;
			defaultConfigurationName = Release;
		};
		C73E38F021F1AF390059701A /* Build configuration list for PBXNativeTarget "TabPageScrollViewController" */ = {
			isa = XCConfigurationList;
			buildConfigurations = (
				C73E38F121F1AF390059701A /* Debug */,
				C73E38F221F1AF390059701A /* Release */,
			);
			defaultConfigurationIsVisible = 0;
			defaultConfigurationName = Release;
		};
		C7EB0B3B229D3B9400067AD7 /* Build configuration list for PBXNativeTarget "TabPageScrollDemoAppsTests" */ = {
			isa = XCConfigurationList;
			buildConfigurations = (
				C7EB0B39229D3B9400067AD7 /* Debug */,
				C7EB0B3A229D3B9400067AD7 /* Release */,
			);
			defaultConfigurationIsVisible = 0;
			defaultConfigurationName = Release;
		};
/* End XCConfigurationList section */
	};
	rootObject = C70E826B21D31EA700A1CD80 /* Project object */;
}
